lockfileVersion: '9.0'

settings:
  autoInstallPeers: true
  excludeLinksFromLockfile: false

importers:

  .:
    devDependencies:
      '@playwright/test':
        specifier: ^1.57.0
        version: 1.57.0
      '@types/node':
        specifier: ^25.0.3
        version: 25.0.3

packages:

  '@playwright/test@1.57.0':
    resolution: {integrity: sha512-6TyEnHgd6SArQO8UO2OMTxshln3QMWBtPGrOCgs3wVEmQmwyuNtB10IZMfmYDE0riwNR1cu4q+pPcxMVtaG3TA==}
    engines: {node: '>=18'}
    hasBin: true

  '@types/node@25.0.3':
    resolution: {integrity: sha512-W609buLVRVmeW693xKfzHeIV6nJGGz98uCPfeXI1ELMLXVeKYZ9m15fAMSaUPBHYLGFsVRcMmSCksQOrZV9BYA==}

  fsevents@2.3.2:
    resolution: {integrity: sha512-xiqMQR4xAeHTuB9uWm+fFRcIOgKBMiOBP+eXiyT7jsgVCq1bkVygt00oASowB7EdtpOHaaPgKt812P9ab+DDKA==}
    engines: {node: ^8.16.0 || ^10.6.0 || >=11.0.0}
    os: [darwin]

  playwright-core@1.57.0:
    resolution: {integrity: sha512-agTcKlMw/mjBWOnD6kFZttAAGHgi/Nw0CZ2o6JqWSbMlI219lAFLZZCyqByTsvVAJq5XA5H8cA6PrvBRpBWEuQ==}
    engines: {node: '>=18'}
    hasBin: true

  playwright@1.57.0:
    resolution: {integrity: sha512-ilYQj1s8sr2ppEJ2YVadYBN0Mb3mdo9J0wQ+UuDhzYqURwSoW4n1Xs5vs7ORwgDGmyEh33tRMeS8KhdkMoLXQw==}
    engines: {node: '>=18'}
    hasBin: true

  undici-types@7.16.0:
    resolution: {integrity: sha512-Zz+aZWSj8LE6zoxD+xrjh4VfkIG8Ya6LvYkZqtUQGJPZjYl53ypCaUwWqo7eI0x66KBGeRo+mlBEkMSeSZ38Nw==}

snapshots:

  '@playwright/test@1.57.0':
    dependencies:
      playwright: 1.57.0

  '@types/node@25.0.3':
    dependencies:
      undici-types: 7.16.0

  fsevents@2.3.2:
    optional: true

  playwright-core@1.57.0: {}

  playwright@1.57.0:
    dependencies:
      playwright-core: 1.57.0
    optionalDependencies:
      fsevents: 2.3.2

  undici-types@7.16.0: {}
